
Microsoft Visual Studio Solution File, Format Version 12.00
# Visual Studio Version 16
VisualStudioVersion = 16.0.30320.27
MinimumVisualStudioVersion = 10.0.40219.1
Project("{888888A0-9F3D-457C-B088-3A5042F75D52}") = "CodeacademyCalendarApplication", "CodeacademyCalendarApplication\CodeacademyCalendarApplication.pyproj", "{86FE55B4-8EBE-4F9F-B43F-28AFE1D8EAC5}"
EndProject
Global
	GlobalSection(SolutionConfigurationPlatforms) = preSolution
		Debug|Any CPU = Debug|Any CPU
		Release|Any CPU = Release|Any CPU
	EndGlobalSection
	GlobalSection(ProjectConfigurationPlatforms) = postSolution
		{86FE55B4-8EBE-4F9F-B43F-28AFE1D8EAC5}.Debug|Any CPU.ActiveCfg = Debug|Any CPU
		{86FE55B4-8EBE-4F9F-B43F-28AFE1D8EAC5}.Release|Any CPU.ActiveCfg = Release|Any CPU
	EndGlobalSection
	GlobalSection(SolutionProperties) = preSolution
		HideSolutionNode = FALSE
	EndGlobalSection
	GlobalSection(ExtensibilityGlobals) = postSolution
		SolutionGuid = {177D5A64-280F-40E6-8882-9522D5560769}
	EndGlobalSection
EndGlobal
